// !$*UTF8*$!
{
	archiveVersion = 1;
	classes = {
	};
	objectVersion = 46;
	objects = {

/* Begin PBXBuildFile section */
		18028C391647747C00938259 /* DVDRipper.icns in Resources */ = {isa = PBXBuildFile; fileRef = 18028C381647747C00938259 /* DVDRipper.icns */; };
		18028C3A16477A0D00938259 /* libxerces-c-3.1.dylib in Frameworks */ = {isa = PBXBuildFile; fileRef = 18028C341647673500938259 /* libxerces-c-3.1.dylib */; };
		18028C401647870A00938259 /* RapidEvolutionMusicDatabaseReader.mm in Sources */ = {isa = PBXBuildFile; fileRef = 18028C3F1647870A00938259 /* RapidEvolutionMusicDatabaseReader.mm */; };
		18028C471647A55800938259 /* RapidEvolutionDatabaseHandler.cpp in Sources */ = {isa = PBXBuildFile; fileRef = 18028C451647A55800938259 /* RapidEvolutionDatabaseHandler.cpp */; };
		18028C4A1647B66F00938259 /* RapidEvolutionDatabaseSongsHandler.cpp in Sources */ = {isa = PBXBuildFile; fileRef = 18028C481647B66E00938259 /* RapidEvolutionDatabaseSongsHandler.cpp */; };
		18028C4D1647B71800938259 /* RapidEvolutionDatabaseSongsSongHandler.cpp in Sources */ = {isa = PBXBuildFile; fileRef = 18028C4B1647B71800938259 /* RapidEvolutionDatabaseSongsSongHandler.cpp */; };
		18028C501647BA7300938259 /* RapidEvolutionDatabaseStylesHandler.cpp in Sources */ = {isa = PBXBuildFile; fileRef = 18028C4E1647BA7300938259 /* RapidEvolutionDatabaseStylesHandler.cpp */; };
		18028C531647BA9D00938259 /* RapidEvolutionDatabaseAbstractHandler.cpp in Sources */ = {isa = PBXBuildFile; fileRef = 18028C511647BA9D00938259 /* RapidEvolutionDatabaseAbstractHandler.cpp */; };
		18144C9D154DC5F0009C36EE /* Preferences.xib in Resources */ = {isa = PBXBuildFile; fileRef = 18144C9C154DC5F0009C36EE /* Preferences.xib */; };
		18144CA1154DC6AD009C36EE /* PreferencesController.m in Sources */ = {isa = PBXBuildFile; fileRef = 18144CA0154DC6AD009C36EE /* PreferencesController.m */; };
		18144CA4154DCA31009C36EE /* Constants.m in Sources */ = {isa = PBXBuildFile; fileRef = 18144CA3154DCA31009C36EE /* Constants.m */; };
		18169643154CADFB00593FEC /* AppController.m in Sources */ = {isa = PBXBuildFile; fileRef = 18169642154CADFB00593FEC /* AppController.m */; };
		18169648154CB7D200593FEC /* DropBox.m in Sources */ = {isa = PBXBuildFile; fileRef = 18169647154CB7D200593FEC /* DropBox.m */; };
		1816964B154CD8E000593FEC /* TagInfoController.m in Sources */ = {isa = PBXBuildFile; fileRef = 1816964A154CD8E000593FEC /* TagInfoController.m */; };
		18169651154D06EB00593FEC /* MusicManager.mm in Sources */ = {isa = PBXBuildFile; fileRef = 18169650154D06EB00593FEC /* MusicManager.mm */; };
		18169654154D08D900593FEC /* Song.m in Sources */ = {isa = PBXBuildFile; fileRef = 18169653154D08D900593FEC /* Song.m */; };
		18169656154D34A400593FEC /* libid3-3.8.3.0.0.dylib in Frameworks */ = {isa = PBXBuildFile; fileRef = 18169655154D34A300593FEC /* libid3-3.8.3.0.0.dylib */; };
		1816965F154D4A2700593FEC /* LowerCaseFormatter.m in Sources */ = {isa = PBXBuildFile; fileRef = 1816965E154D4A2700593FEC /* LowerCaseFormatter.m */; };
		182DC5F01605132A00AA9011 /* FileReader.m in Sources */ = {isa = PBXBuildFile; fileRef = 182DC5ED1605132A00AA9011 /* FileReader.m */; };
		182DC5F11605132A00AA9011 /* NSDataExtensions.m in Sources */ = {isa = PBXBuildFile; fileRef = 182DC5EF1605132A00AA9011 /* NSDataExtensions.m */; };
		187E640C15984AD300091546 /* RapidEvolutionManager.m in Sources */ = {isa = PBXBuildFile; fileRef = 187E640B15984AD300091546 /* RapidEvolutionManager.m */; };
		188AB0391660F78B00CE162C /* Track.cpp in Sources */ = {isa = PBXBuildFile; fileRef = 188AB0371660F78B00CE162C /* Track.cpp */; };
		188E1B111648E8CA004754F4 /* RapidEvolutionDatabaseConfigHandler.cpp in Sources */ = {isa = PBXBuildFile; fileRef = 188E1B0F1648E8CA004754F4 /* RapidEvolutionDatabaseConfigHandler.cpp */; };
		188E1B141648E973004754F4 /* RapidEvolutionDatabaseExcludesHandler.cpp in Sources */ = {isa = PBXBuildFile; fileRef = 188E1B121648E972004754F4 /* RapidEvolutionDatabaseExcludesHandler.cpp */; };
		188E1B171648E9CD004754F4 /* RapidEvolutionDatabaseArtistsHandler.cpp in Sources */ = {isa = PBXBuildFile; fileRef = 188E1B151648E9CD004754F4 /* RapidEvolutionDatabaseArtistsHandler.cpp */; };
		188E1B1A1648EAA1004754F4 /* RapidEvolutionDatabaseMixoutsHandler.cpp in Sources */ = {isa = PBXBuildFile; fileRef = 188E1B181648EAA1004754F4 /* RapidEvolutionDatabaseMixoutsHandler.cpp */; };
		188E1B1D1648EB1D004754F4 /* RapidEvolutionDatabaseAlbumcoversHandler.cpp in Sources */ = {isa = PBXBuildFile; fileRef = 188E1B1B1648EB1D004754F4 /* RapidEvolutionDatabaseAlbumcoversHandler.cpp */; };
		188E1B201648ECBE004754F4 /* RapidEvolutionDatabaseStylesStyleHandler.cpp in Sources */ = {isa = PBXBuildFile; fileRef = 188E1B1E1648ECBE004754F4 /* RapidEvolutionDatabaseStylesStyleHandler.cpp */; };
		188E1B221648FA50004754F4 /* libmysqlcppconn.5.1.1.0.dylib in Frameworks */ = {isa = PBXBuildFile; fileRef = 188E1B211648FA50004754F4 /* libmysqlcppconn.5.1.1.0.dylib */; };
		188E1B241648FADB004754F4 /* libmysqlclient.18.dylib in Frameworks */ = {isa = PBXBuildFile; fileRef = 188E1B231648FADB004754F4 /* libmysqlclient.18.dylib */; };
		188E1B28164E198C004754F4 /* Style.cpp in Sources */ = {isa = PBXBuildFile; fileRef = 188E1B26164E198C004754F4 /* Style.cpp */; };
		188E1B2C1650B250004754F4 /* MysqlAccess.cpp in Sources */ = {isa = PBXBuildFile; fileRef = 188E1B2A1650B250004754F4 /* MysqlAccess.cpp */; };
		189C84F9153E647400F05E62 /* TagInfo.xib in Resources */ = {isa = PBXBuildFile; fileRef = 189C84F8153E647400F05E62 /* TagInfo.xib */; };
		189D22CB153D4F190043634A /* Cocoa.framework in Frameworks */ = {isa = PBXBuildFile; fileRef = 189D22CA153D4F190043634A /* Cocoa.framework */; };
		189D22D5153D4F190043634A /* InfoPlist.strings in Resources */ = {isa = PBXBuildFile; fileRef = 189D22D3153D4F190043634A /* InfoPlist.strings */; };
		189D22D7153D4F190043634A /* main.m in Sources */ = {isa = PBXBuildFile; fileRef = 189D22D6153D4F190043634A /* main.m */; };
		189D22DB153D4F190043634A /* Credits.rtf in Resources */ = {isa = PBXBuildFile; fileRef = 189D22D9153D4F190043634A /* Credits.rtf */; };
		189D22DE153D4F190043634A /* AppDelegate.m in Sources */ = {isa = PBXBuildFile; fileRef = 189D22DD153D4F190043634A /* AppDelegate.m */; };
		189D22E1153D4F190043634A /* MainMenu.xib in Resources */ = {isa = PBXBuildFile; fileRef = 189D22DF153D4F190043634A /* MainMenu.xib */; };
		189D22E9153D4F190043634A /* SenTestingKit.framework in Frameworks */ = {isa = PBXBuildFile; fileRef = 189D22E8153D4F190043634A /* SenTestingKit.framework */; };
		189D22EA153D4F190043634A /* Cocoa.framework in Frameworks */ = {isa = PBXBuildFile; fileRef = 189D22CA153D4F190043634A /* Cocoa.framework */; };
		189D22F2153D4F190043634A /* InfoPlist.strings in Resources */ = {isa = PBXBuildFile; fileRef = 189D22F0153D4F190043634A /* InfoPlist.strings */; };
		189D22F5153D4F1A0043634A /* soul_sifterTests.m in Sources */ = {isa = PBXBuildFile; fileRef = 189D22F4153D4F1A0043634A /* soul_sifterTests.m */; };
		18C5F9DB166189A800912FD3 /* ArchiveUtil.m in Sources */ = {isa = PBXBuildFile; fileRef = 18C5F9DA166189A800912FD3 /* ArchiveUtil.m */; };
		18C5F9E31661978400912FD3 /* NSString+MD5.mm in Sources */ = {isa = PBXBuildFile; fileRef = 18C5F9E21661978400912FD3 /* NSString+MD5.mm */; };
		18FB7CAC15572F0000BEF750 /* PathButton.m in Sources */ = {isa = PBXBuildFile; fileRef = 18FB7CAB15572F0000BEF750 /* PathButton.m */; };
/* End PBXBuildFile section */

/* Begin PBXContainerItemProxy section */
		189D22EB153D4F190043634A /* PBXContainerItemProxy */ = {
			isa = PBXContainerItemProxy;
			containerPortal = 189D22BD153D4F190043634A /* Project object */;
			proxyType = 1;
			remoteGlobalIDString = 189D22C5153D4F190043634A;
			remoteInfo = "soul-sifter";
		};
/* End PBXContainerItemProxy section */

/* Begin PBXFileReference section */
		18028C341647673500938259 /* libxerces-c-3.1.dylib */ = {isa = PBXFileReference; lastKnownFileType = "compiled.mach-o.dylib"; name = "libxerces-c-3.1.dylib"; path = "../../../../../../../usr/local/lib/libxerces-c-3.1.dylib"; sourceTree = "<group>"; };
		18028C381647747C00938259 /* DVDRipper.icns */ = {isa = PBXFileReference; lastKnownFileType = image.icns; path = DVDRipper.icns; sourceTree = "<group>"; };
		18028C3E1647870A00938259 /* RapidEvolutionMusicDatabaseReader.h */ = {isa = PBXFileReference; fileEncoding = 4; lastKnownFileType = sourcecode.c.h; path = RapidEvolutionMusicDatabaseReader.h; sourceTree = "<group>"; };
		18028C3F1647870A00938259 /* RapidEvolutionMusicDatabaseReader.mm */ = {isa = PBXFileReference; fileEncoding = 4; lastKnownFileType = sourcecode.cpp.objcpp; path = RapidEvolutionMusicDatabaseReader.mm; sourceTree = "<group>"; };
		18028C451647A55800938259 /* RapidEvolutionDatabaseHandler.cpp */ = {isa = PBXFileReference; fileEncoding = 4; lastKnownFileType = sourcecode.cpp.cpp; path = RapidEvolutionDatabaseHandler.cpp; sourceTree = "<group>"; };
		18028C461647A55800938259 /* RapidEvolutionDatabaseHandler.h */ = {isa = PBXFileReference; fileEncoding = 4; lastKnownFileType = sourcecode.c.h; path = RapidEvolutionDatabaseHandler.h; sourceTree = "<group>"; };
		18028C481647B66E00938259 /* RapidEvolutionDatabaseSongsHandler.cpp */ = {isa = PBXFileReference; fileEncoding = 4; lastKnownFileType = sourcecode.cpp.cpp; path = RapidEvolutionDatabaseSongsHandler.cpp; sourceTree = "<group>"; };
		18028C491647B66E00938259 /* RapidEvolutionDatabaseSongsHandler.h */ = {isa = PBXFileReference; fileEncoding = 4; lastKnownFileType = sourcecode.c.h; path = RapidEvolutionDatabaseSongsHandler.h; sourceTree = "<group>"; };
		18028C4B1647B71800938259 /* RapidEvolutionDatabaseSongsSongHandler.cpp */ = {isa = PBXFileReference; fileEncoding = 4; lastKnownFileType = sourcecode.cpp.cpp; path = RapidEvolutionDatabaseSongsSongHandler.cpp; sourceTree = "<group>"; };
		18028C4C1647B71800938259 /* RapidEvolutionDatabaseSongsSongHandler.h */ = {isa = PBXFileReference; fileEncoding = 4; lastKnownFileType = sourcecode.c.h; path = RapidEvolutionDatabaseSongsSongHandler.h; sourceTree = "<group>"; };
		18028C4E1647BA7300938259 /* RapidEvolutionDatabaseStylesHandler.cpp */ = {isa = PBXFileReference; fileEncoding = 4; lastKnownFileType = sourcecode.cpp.cpp; path = RapidEvolutionDatabaseStylesHandler.cpp; sourceTree = "<group>"; };
		18028C4F1647BA7300938259 /* RapidEvolutionDatabaseStylesHandler.h */ = {isa = PBXFileReference; fileEncoding = 4; lastKnownFileType = sourcecode.c.h; path = RapidEvolutionDatabaseStylesHandler.h; sourceTree = "<group>"; };
		18028C511647BA9D00938259 /* RapidEvolutionDatabaseAbstractHandler.cpp */ = {isa = PBXFileReference; fileEncoding = 4; lastKnownFileType = sourcecode.cpp.cpp; path = RapidEvolutionDatabaseAbstractHandler.cpp; sourceTree = "<group>"; };
		18028C521647BA9D00938259 /* RapidEvolutionDatabaseAbstractHandler.h */ = {isa = PBXFileReference; fileEncoding = 4; lastKnownFileType = sourcecode.c.h; path = RapidEvolutionDatabaseAbstractHandler.h; sourceTree = "<group>"; };
		18144C9C154DC5F0009C36EE /* Preferences.xib */ = {isa = PBXFileReference; fileEncoding = 4; lastKnownFileType = file.xib; path = Preferences.xib; sourceTree = "<group>"; };
		18144C9F154DC6AD009C36EE /* PreferencesController.h */ = {isa = PBXFileReference; fileEncoding = 4; lastKnownFileType = sourcecode.c.h; path = PreferencesController.h; sourceTree = "<group>"; };
		18144CA0154DC6AD009C36EE /* PreferencesController.m */ = {isa = PBXFileReference; fileEncoding = 4; lastKnownFileType = sourcecode.c.objc; path = PreferencesController.m; sourceTree = "<group>"; };
		18144CA2154DCA31009C36EE /* Constants.h */ = {isa = PBXFileReference; fileEncoding = 4; lastKnownFileType = sourcecode.c.h; path = Constants.h; sourceTree = "<group>"; };
		18144CA3154DCA31009C36EE /* Constants.m */ = {isa = PBXFileReference; fileEncoding = 4; lastKnownFileType = sourcecode.c.objc; path = Constants.m; sourceTree = "<group>"; };
		18169641154CADFB00593FEC /* AppController.h */ = {isa = PBXFileReference; fileEncoding = 4; lastKnownFileType = sourcecode.c.h; path = AppController.h; sourceTree = "<group>"; };
		18169642154CADFB00593FEC /* AppController.m */ = {isa = PBXFileReference; fileEncoding = 4; lastKnownFileType = sourcecode.c.objc; path = AppController.m; sourceTree = "<group>"; };
		18169646154CB7D200593FEC /* DropBox.h */ = {isa = PBXFileReference; fileEncoding = 4; lastKnownFileType = sourcecode.c.h; path = DropBox.h; sourceTree = "<group>"; };
		18169647154CB7D200593FEC /* DropBox.m */ = {isa = PBXFileReference; fileEncoding = 4; lastKnownFileType = sourcecode.c.objc; path = DropBox.m; sourceTree = "<group>"; };
		18169649154CD8E000593FEC /* TagInfoController.h */ = {isa = PBXFileReference; fileEncoding = 4; lastKnownFileType = sourcecode.c.h; path = TagInfoController.h; sourceTree = "<group>"; };
		1816964A154CD8E000593FEC /* TagInfoController.m */ = {isa = PBXFileReference; fileEncoding = 4; lastKnownFileType = sourcecode.c.objc; path = TagInfoController.m; sourceTree = "<group>"; };
		1816964F154D06EB00593FEC /* MusicManager.h */ = {isa = PBXFileReference; fileEncoding = 4; lastKnownFileType = sourcecode.c.h; path = MusicManager.h; sourceTree = "<group>"; };
		18169650154D06EB00593FEC /* MusicManager.mm */ = {isa = PBXFileReference; fileEncoding = 4; lastKnownFileType = sourcecode.cpp.objcpp; path = MusicManager.mm; sourceTree = "<group>"; };
		18169652154D08D900593FEC /* Song.h */ = {isa = PBXFileReference; fileEncoding = 4; lastKnownFileType = sourcecode.c.h; path = Song.h; sourceTree = "<group>"; };
		18169653154D08D900593FEC /* Song.m */ = {isa = PBXFileReference; fileEncoding = 4; lastKnownFileType = sourcecode.c.objc; path = Song.m; sourceTree = "<group>"; };
		18169655154D34A300593FEC /* libid3-3.8.3.0.0.dylib */ = {isa = PBXFileReference; lastKnownFileType = "compiled.mach-o.dylib"; name = "libid3-3.8.3.0.0.dylib"; path = "/usr/local/Cellar/id3lib/3.8.3/lib/libid3-3.8.3.0.0.dylib"; sourceTree = "<absolute>"; };
		1816965D154D4A2700593FEC /* LowerCaseFormatter.h */ = {isa = PBXFileReference; fileEncoding = 4; lastKnownFileType = sourcecode.c.h; path = LowerCaseFormatter.h; sourceTree = "<group>"; };
		1816965E154D4A2700593FEC /* LowerCaseFormatter.m */ = {isa = PBXFileReference; fileEncoding = 4; lastKnownFileType = sourcecode.c.objc; path = LowerCaseFormatter.m; sourceTree = "<group>"; };
		182DC5EC1605132A00AA9011 /* FileReader.h */ = {isa = PBXFileReference; fileEncoding = 4; lastKnownFileType = sourcecode.c.h; path = FileReader.h; sourceTree = "<group>"; };
		182DC5ED1605132A00AA9011 /* FileReader.m */ = {isa = PBXFileReference; fileEncoding = 4; lastKnownFileType = sourcecode.c.objc; path = FileReader.m; sourceTree = "<group>"; };
		182DC5EE1605132A00AA9011 /* NSDataExtensions.h */ = {isa = PBXFileReference; fileEncoding = 4; lastKnownFileType = sourcecode.c.h; path = NSDataExtensions.h; sourceTree = "<group>"; };
		182DC5EF1605132A00AA9011 /* NSDataExtensions.m */ = {isa = PBXFileReference; fileEncoding = 4; lastKnownFileType = sourcecode.c.objc; path = NSDataExtensions.m; sourceTree = "<group>"; };
		187E640A15984AD200091546 /* RapidEvolutionManager.h */ = {isa = PBXFileReference; fileEncoding = 4; lastKnownFileType = sourcecode.c.h; path = RapidEvolutionManager.h; sourceTree = "<group>"; };
		187E640B15984AD300091546 /* RapidEvolutionManager.m */ = {isa = PBXFileReference; fileEncoding = 4; lastKnownFileType = sourcecode.c.objc; path = RapidEvolutionManager.m; sourceTree = "<group>"; };
		188AB0371660F78B00CE162C /* Track.cpp */ = {isa = PBXFileReference; fileEncoding = 4; lastKnownFileType = sourcecode.cpp.cpp; path = Track.cpp; sourceTree = "<group>"; };
		188AB0381660F78B00CE162C /* Track.h */ = {isa = PBXFileReference; fileEncoding = 4; lastKnownFileType = sourcecode.c.h; path = Track.h; sourceTree = "<group>"; };
		188E1B0F1648E8CA004754F4 /* RapidEvolutionDatabaseConfigHandler.cpp */ = {isa = PBXFileReference; fileEncoding = 4; lastKnownFileType = sourcecode.cpp.cpp; path = RapidEvolutionDatabaseConfigHandler.cpp; sourceTree = "<group>"; };
		188E1B101648E8CA004754F4 /* RapidEvolutionDatabaseConfigHandler.h */ = {isa = PBXFileReference; fileEncoding = 4; lastKnownFileType = sourcecode.c.h; path = RapidEvolutionDatabaseConfigHandler.h; sourceTree = "<group>"; };
		188E1B121648E972004754F4 /* RapidEvolutionDatabaseExcludesHandler.cpp */ = {isa = PBXFileReference; fileEncoding = 4; lastKnownFileType = sourcecode.cpp.cpp; path = RapidEvolutionDatabaseExcludesHandler.cpp; sourceTree = "<group>"; };
		188E1B131648E972004754F4 /* RapidEvolutionDatabaseExcludesHandler.h */ = {isa = PBXFileReference; fileEncoding = 4; lastKnownFileType = sourcecode.c.h; path = RapidEvolutionDatabaseExcludesHandler.h; sourceTree = "<group>"; };
		188E1B151648E9CD004754F4 /* RapidEvolutionDatabaseArtistsHandler.cpp */ = {isa = PBXFileReference; fileEncoding = 4; lastKnownFileType = sourcecode.cpp.cpp; path = RapidEvolutionDatabaseArtistsHandler.cpp; sourceTree = "<group>"; };
		188E1B161648E9CD004754F4 /* RapidEvolutionDatabaseArtistsHandler.h */ = {isa = PBXFileReference; fileEncoding = 4; lastKnownFileType = sourcecode.c.h; path = RapidEvolutionDatabaseArtistsHandler.h; sourceTree = "<group>"; };
		188E1B181648EAA1004754F4 /* RapidEvolutionDatabaseMixoutsHandler.cpp */ = {isa = PBXFileReference; fileEncoding = 4; lastKnownFileType = sourcecode.cpp.cpp; path = RapidEvolutionDatabaseMixoutsHandler.cpp; sourceTree = "<group>"; };
		188E1B191648EAA1004754F4 /* RapidEvolutionDatabaseMixoutsHandler.h */ = {isa = PBXFileReference; fileEncoding = 4; lastKnownFileType = sourcecode.c.h; path = RapidEvolutionDatabaseMixoutsHandler.h; sourceTree = "<group>"; };
		188E1B1B1648EB1D004754F4 /* RapidEvolutionDatabaseAlbumcoversHandler.cpp */ = {isa = PBXFileReference; fileEncoding = 4; lastKnownFileType = sourcecode.cpp.cpp; path = RapidEvolutionDatabaseAlbumcoversHandler.cpp; sourceTree = "<group>"; };
		188E1B1C1648EB1D004754F4 /* RapidEvolutionDatabaseAlbumcoversHandler.h */ = {isa = PBXFileReference; fileEncoding = 4; lastKnownFileType = sourcecode.c.h; path = RapidEvolutionDatabaseAlbumcoversHandler.h; sourceTree = "<group>"; };
		188E1B1E1648ECBE004754F4 /* RapidEvolutionDatabaseStylesStyleHandler.cpp */ = {isa = PBXFileReference; fileEncoding = 4; lastKnownFileType = sourcecode.cpp.cpp; path = RapidEvolutionDatabaseStylesStyleHandler.cpp; sourceTree = "<group>"; };
		188E1B1F1648ECBE004754F4 /* RapidEvolutionDatabaseStylesStyleHandler.h */ = {isa = PBXFileReference; fileEncoding = 4; lastKnownFileType = sourcecode.c.h; path = RapidEvolutionDatabaseStylesStyleHandler.h; sourceTree = "<group>"; };
		188E1B211648FA50004754F4 /* libmysqlcppconn.5.1.1.0.dylib */ = {isa = PBXFileReference; lastKnownFileType = "compiled.mach-o.dylib"; name = libmysqlcppconn.5.1.1.0.dylib; path = "../../../../../../../usr/local/Cellar/mysql-connector-c++/1.1.0/lib/libmysqlcppconn.5.1.1.0.dylib"; sourceTree = "<group>"; };
		188E1B231648FADB004754F4 /* libmysqlclient.18.dylib */ = {isa = PBXFileReference; lastKnownFileType = "compiled.mach-o.dylib"; name = libmysqlclient.18.dylib; path = ../../../../../../../usr/local/Cellar/mysql/5.5.27/lib/libmysqlclient.18.dylib; sourceTree = "<group>"; };
		188E1B26164E198C004754F4 /* Style.cpp */ = {isa = PBXFileReference; fileEncoding = 4; lastKnownFileType = sourcecode.cpp.cpp; path = Style.cpp; sourceTree = "<group>"; };
		188E1B27164E198C004754F4 /* Style.h */ = {isa = PBXFileReference; fileEncoding = 4; lastKnownFileType = sourcecode.c.h; path = Style.h; sourceTree = "<group>"; };
		188E1B2A1650B250004754F4 /* MysqlAccess.cpp */ = {isa = PBXFileReference; fileEncoding = 4; lastKnownFileType = sourcecode.cpp.cpp; path = MysqlAccess.cpp; sourceTree = "<group>"; };
		188E1B2B1650B250004754F4 /* MysqlAccess.h */ = {isa = PBXFileReference; fileEncoding = 4; lastKnownFileType = sourcecode.c.h; path = MysqlAccess.h; sourceTree = "<group>"; };
		189C84F8153E647400F05E62 /* TagInfo.xib */ = {isa = PBXFileReference; fileEncoding = 4; lastKnownFileType = file.xib; path = TagInfo.xib; sourceTree = "<group>"; };
		189D22C6153D4F190043634A /* soul-sifter.app */ = {isa = PBXFileReference; explicitFileType = wrapper.application; includeInIndex = 0; path = "soul-sifter.app"; sourceTree = BUILT_PRODUCTS_DIR; };
		189D22CA153D4F190043634A /* Cocoa.framework */ = {isa = PBXFileReference; lastKnownFileType = wrapper.framework; name = Cocoa.framework; path = System/Library/Frameworks/Cocoa.framework; sourceTree = SDKROOT; };
		189D22CD153D4F190043634A /* AppKit.framework */ = {isa = PBXFileReference; lastKnownFileType = wrapper.framework; name = AppKit.framework; path = System/Library/Frameworks/AppKit.framework; sourceTree = SDKROOT; };
		189D22CE153D4F190043634A /* CoreData.framework */ = {isa = PBXFileReference; lastKnownFileType = wrapper.framework; name = CoreData.framework; path = System/Library/Frameworks/CoreData.framework; sourceTree = SDKROOT; };
		189D22CF153D4F190043634A /* Foundation.framework */ = {isa = PBXFileReference; lastKnownFileType = wrapper.framework; name = Foundation.framework; path = System/Library/Frameworks/Foundation.framework; sourceTree = SDKROOT; };
		189D22D2153D4F190043634A /* soul-sifter-Info.plist */ = {isa = PBXFileReference; lastKnownFileType = text.plist.xml; path = "soul-sifter-Info.plist"; sourceTree = "<group>"; };
		189D22D4153D4F190043634A /* en */ = {isa = PBXFileReference; lastKnownFileType = text.plist.strings; name = en; path = en.lproj/InfoPlist.strings; sourceTree = "<group>"; };
		189D22D6153D4F190043634A /* main.m */ = {isa = PBXFileReference; lastKnownFileType = sourcecode.c.objc; path = main.m; sourceTree = "<group>"; };
		189D22D8153D4F190043634A /* soul-sifter-Prefix.pch */ = {isa = PBXFileReference; lastKnownFileType = sourcecode.c.h; path = "soul-sifter-Prefix.pch"; sourceTree = "<group>"; };
		189D22DA153D4F190043634A /* en */ = {isa = PBXFileReference; lastKnownFileType = text.rtf; name = en; path = en.lproj/Credits.rtf; sourceTree = "<group>"; };
		189D22DC153D4F190043634A /* AppDelegate.h */ = {isa = PBXFileReference; lastKnownFileType = sourcecode.c.h; path = AppDelegate.h; sourceTree = "<group>"; };
		189D22DD153D4F190043634A /* AppDelegate.m */ = {isa = PBXFileReference; lastKnownFileType = sourcecode.c.objc; path = AppDelegate.m; sourceTree = "<group>"; };
		189D22E0153D4F190043634A /* en */ = {isa = PBXFileReference; lastKnownFileType = file.xib; name = en; path = en.lproj/MainMenu.xib; sourceTree = "<group>"; };
		189D22E7153D4F190043634A /* soul-sifterTests.octest */ = {isa = PBXFileReference; explicitFileType = wrapper.cfbundle; includeInIndex = 0; path = "soul-sifterTests.octest"; sourceTree = BUILT_PRODUCTS_DIR; };
		189D22E8153D4F190043634A /* SenTestingKit.framework */ = {isa = PBXFileReference; lastKnownFileType = wrapper.framework; name = SenTestingKit.framework; path = Library/Frameworks/SenTestingKit.framework; sourceTree = DEVELOPER_DIR; };
		189D22EF153D4F190043634A /* soul-sifterTests-Info.plist */ = {isa = PBXFileReference; lastKnownFileType = text.plist.xml; path = "soul-sifterTests-Info.plist"; sourceTree = "<group>"; };
		189D22F1153D4F190043634A /* en */ = {isa = PBXFileReference; lastKnownFileType = text.plist.strings; name = en; path = en.lproj/InfoPlist.strings; sourceTree = "<group>"; };
		189D22F3153D4F190043634A /* soul_sifterTests.h */ = {isa = PBXFileReference; lastKnownFileType = sourcecode.c.h; path = soul_sifterTests.h; sourceTree = "<group>"; };
		189D22F4153D4F1A0043634A /* soul_sifterTests.m */ = {isa = PBXFileReference; lastKnownFileType = sourcecode.c.objc; path = soul_sifterTests.m; sourceTree = "<group>"; };
		18C5F9D9166189A800912FD3 /* ArchiveUtil.h */ = {isa = PBXFileReference; fileEncoding = 4; lastKnownFileType = sourcecode.c.h; path = ArchiveUtil.h; sourceTree = "<group>"; };
		18C5F9DA166189A800912FD3 /* ArchiveUtil.m */ = {isa = PBXFileReference; fileEncoding = 4; lastKnownFileType = sourcecode.c.objc; path = ArchiveUtil.m; sourceTree = "<group>"; };
		18C5F9E11661978400912FD3 /* NSString+MD5.h */ = {isa = PBXFileReference; fileEncoding = 4; lastKnownFileType = sourcecode.c.h; path = "NSString+MD5.h"; sourceTree = "<group>"; };
		18C5F9E21661978400912FD3 /* NSString+MD5.mm */ = {isa = PBXFileReference; fileEncoding = 4; lastKnownFileType = sourcecode.cpp.objcpp; path = "NSString+MD5.mm"; sourceTree = "<group>"; };
		18FB7CAA15572F0000BEF750 /* PathButton.h */ = {isa = PBXFileReference; fileEncoding = 4; lastKnownFileType = sourcecode.c.h; path = PathButton.h; sourceTree = "<group>"; };
		18FB7CAB15572F0000BEF750 /* PathButton.m */ = {isa = PBXFileReference; fileEncoding = 4; lastKnownFileType = sourcecode.c.objc; path = PathButton.m; sourceTree = "<group>"; };
/* End PBXFileReference section */

/* Begin PBXFrameworksBuildPhase section */
		189D22C3153D4F190043634A /* Frameworks */ = {
			isa = PBXFrameworksBuildPhase;
			buildActionMask = 2147483647;
			files = (
				188E1B241648FADB004754F4 /* libmysqlclient.18.dylib in Frameworks */,
				188E1B221648FA50004754F4 /* libmysqlcppconn.5.1.1.0.dylib in Frameworks */,
				18028C3A16477A0D00938259 /* libxerces-c-3.1.dylib in Frameworks */,
				18169656154D34A400593FEC /* libid3-3.8.3.0.0.dylib in Frameworks */,
				189D22CB153D4F190043634A /* Cocoa.framework in Frameworks */,
			);
			runOnlyForDeploymentPostprocessing = 0;
		};
		189D22E3153D4F190043634A /* Frameworks */ = {
			isa = PBXFrameworksBuildPhase;
			buildActionMask = 2147483647;
			files = (
				189D22E9153D4F190043634A /* SenTestingKit.framework in Frameworks */,
				189D22EA153D4F190043634A /* Cocoa.framework in Frameworks */,
			);
			runOnlyForDeploymentPostprocessing = 0;
		};
/* End PBXFrameworksBuildPhase section */

/* Begin PBXGroup section */
		18028C4116478E1700938259 /* RE DB SAX Parsers */ = {
			isa = PBXGroup;
			children = (
				18028C511647BA9D00938259 /* RapidEvolutionDatabaseAbstractHandler.cpp */,
				18028C521647BA9D00938259 /* RapidEvolutionDatabaseAbstractHandler.h */,
				188E1B1B1648EB1D004754F4 /* RapidEvolutionDatabaseAlbumcoversHandler.cpp */,
				188E1B1C1648EB1D004754F4 /* RapidEvolutionDatabaseAlbumcoversHandler.h */,
				188E1B151648E9CD004754F4 /* RapidEvolutionDatabaseArtistsHandler.cpp */,
				188E1B161648E9CD004754F4 /* RapidEvolutionDatabaseArtistsHandler.h */,
				188E1B0F1648E8CA004754F4 /* RapidEvolutionDatabaseConfigHandler.cpp */,
				188E1B101648E8CA004754F4 /* RapidEvolutionDatabaseConfigHandler.h */,
				188E1B121648E972004754F4 /* RapidEvolutionDatabaseExcludesHandler.cpp */,
				188E1B131648E972004754F4 /* RapidEvolutionDatabaseExcludesHandler.h */,
				18028C451647A55800938259 /* RapidEvolutionDatabaseHandler.cpp */,
				18028C461647A55800938259 /* RapidEvolutionDatabaseHandler.h */,
				188E1B181648EAA1004754F4 /* RapidEvolutionDatabaseMixoutsHandler.cpp */,
				188E1B191648EAA1004754F4 /* RapidEvolutionDatabaseMixoutsHandler.h */,
				18028C481647B66E00938259 /* RapidEvolutionDatabaseSongsHandler.cpp */,
				18028C491647B66E00938259 /* RapidEvolutionDatabaseSongsHandler.h */,
				18028C4B1647B71800938259 /* RapidEvolutionDatabaseSongsSongHandler.cpp */,
				18028C4C1647B71800938259 /* RapidEvolutionDatabaseSongsSongHandler.h */,
				18028C4E1647BA7300938259 /* RapidEvolutionDatabaseStylesHandler.cpp */,
				18028C4F1647BA7300938259 /* RapidEvolutionDatabaseStylesHandler.h */,
				188E1B1E1648ECBE004754F4 /* RapidEvolutionDatabaseStylesStyleHandler.cpp */,
				188E1B1F1648ECBE004754F4 /* RapidEvolutionDatabaseStylesStyleHandler.h */,
			);
			name = "RE DB SAX Parsers";
			sourceTree = "<group>";
		};
		18144CA8154E5BE1009C36EE /* Category */ = {
			isa = PBXGroup;
			children = (
				18C5F9E11661978400912FD3 /* NSString+MD5.h */,
				18C5F9E21661978400912FD3 /* NSString+MD5.mm */,
			);
			name = Category;
			sourceTree = "<group>";
		};
		18169645154CB79900593FEC /* View */ = {
			isa = PBXGroup;
			children = (
				18169646154CB7D200593FEC /* DropBox.h */,
				18169647154CB7D200593FEC /* DropBox.m */,
				1816965D154D4A2700593FEC /* LowerCaseFormatter.h */,
				1816965E154D4A2700593FEC /* LowerCaseFormatter.m */,
				18FB7CAA15572F0000BEF750 /* PathButton.h */,
				18FB7CAB15572F0000BEF750 /* PathButton.m */,
			);
			name = View;
			sourceTree = "<group>";
		};
		1816964E154D05F400593FEC /* Organization */ = {
			isa = PBXGroup;
			children = (
				18028C4116478E1700938259 /* RE DB SAX Parsers */,
				1816964F154D06EB00593FEC /* MusicManager.h */,
				18169650154D06EB00593FEC /* MusicManager.mm */,
				187E640A15984AD200091546 /* RapidEvolutionManager.h */,
				187E640B15984AD300091546 /* RapidEvolutionManager.m */,
				18169652154D08D900593FEC /* Song.h */,
				18169653154D08D900593FEC /* Song.m */,
				18028C3E1647870A00938259 /* RapidEvolutionMusicDatabaseReader.h */,
				18028C3F1647870A00938259 /* RapidEvolutionMusicDatabaseReader.mm */,
			);
			name = Organization;
			sourceTree = "<group>";
		};
		182DC5F31605133500AA9011 /* LineReader (to package) */ = {
			isa = PBXGroup;
			children = (
				182DC5EC1605132A00AA9011 /* FileReader.h */,
				182DC5ED1605132A00AA9011 /* FileReader.m */,
				182DC5EE1605132A00AA9011 /* NSDataExtensions.h */,
				182DC5EF1605132A00AA9011 /* NSDataExtensions.m */,
			);
			name = "LineReader (to package)";
			sourceTree = "<group>";
		};
		188E1B25164E1968004754F4 /* Model */ = {
			isa = PBXGroup;
			children = (
				188E1B26164E198C004754F4 /* Style.cpp */,
				188E1B27164E198C004754F4 /* Style.h */,
				188AB0371660F78B00CE162C /* Track.cpp */,
				188AB0381660F78B00CE162C /* Track.h */,
			);
			name = Model;
			sourceTree = "<group>";
		};
		188E1B291650B073004754F4 /* Persistence */ = {
			isa = PBXGroup;
			children = (
				188E1B2A1650B250004754F4 /* MysqlAccess.cpp */,
				188E1B2B1650B250004754F4 /* MysqlAccess.h */,
			);
			name = Persistence;
			sourceTree = "<group>";
		};
		189D22BB153D4F190043634A = {
			isa = PBXGroup;
			children = (
				188E1B231648FADB004754F4 /* libmysqlclient.18.dylib */,
				188E1B211648FA50004754F4 /* libmysqlcppconn.5.1.1.0.dylib */,
				18028C381647747C00938259 /* DVDRipper.icns */,
				18028C341647673500938259 /* libxerces-c-3.1.dylib */,
				18169655154D34A300593FEC /* libid3-3.8.3.0.0.dylib */,
				189D22D0153D4F190043634A /* soul-sifter */,
				189D22ED153D4F190043634A /* soul-sifterTests */,
				189D22C9153D4F190043634A /* Frameworks */,
				189D22C7153D4F190043634A /* Products */,
			);
			sourceTree = "<group>";
		};
		189D22C7153D4F190043634A /* Products */ = {
			isa = PBXGroup;
			children = (
				189D22C6153D4F190043634A /* soul-sifter.app */,
				189D22E7153D4F190043634A /* soul-sifterTests.octest */,
			);
			name = Products;
			sourceTree = "<group>";
		};
		189D22C9153D4F190043634A /* Frameworks */ = {
			isa = PBXGroup;
			children = (
				189D22CA153D4F190043634A /* Cocoa.framework */,
				189D22E8153D4F190043634A /* SenTestingKit.framework */,
				189D22CC153D4F190043634A /* Other Frameworks */,
			);
			name = Frameworks;
			sourceTree = "<group>";
		};
		189D22CC153D4F190043634A /* Other Frameworks */ = {
			isa = PBXGroup;
			children = (
				189D22CD153D4F190043634A /* AppKit.framework */,
				189D22CE153D4F190043634A /* CoreData.framework */,
				189D22CF153D4F190043634A /* Foundation.framework */,
			);
			name = "Other Frameworks";
			sourceTree = "<group>";
		};
		189D22D0153D4F190043634A /* soul-sifter */ = {
			isa = PBXGroup;
			children = (
				188E1B291650B073004754F4 /* Persistence */,
				188E1B25164E1968004754F4 /* Model */,
				182DC5F31605133500AA9011 /* LineReader (to package) */,
				18144CA8154E5BE1009C36EE /* Category */,
				1816964E154D05F400593FEC /* Organization */,
				18169645154CB79900593FEC /* View */,
				18169641154CADFB00593FEC /* AppController.h */,
				18169642154CADFB00593FEC /* AppController.m */,
				189D22DC153D4F190043634A /* AppDelegate.h */,
				189D22DD153D4F190043634A /* AppDelegate.m */,
				18144CA2154DCA31009C36EE /* Constants.h */,
				18144CA3154DCA31009C36EE /* Constants.m */,
				189D22DF153D4F190043634A /* MainMenu.xib */,
				189C84F8153E647400F05E62 /* TagInfo.xib */,
				18169649154CD8E000593FEC /* TagInfoController.h */,
				1816964A154CD8E000593FEC /* TagInfoController.m */,
				18C5F9D9166189A800912FD3 /* ArchiveUtil.h */,
				18C5F9DA166189A800912FD3 /* ArchiveUtil.m */,
				18144C9C154DC5F0009C36EE /* Preferences.xib */,
				18144C9F154DC6AD009C36EE /* PreferencesController.h */,
				18144CA0154DC6AD009C36EE /* PreferencesController.m */,
				189D22D1153D4F190043634A /* Supporting Files */,
			);
			path = "soul-sifter";
			sourceTree = "<group>";
		};
		189D22D1153D4F190043634A /* Supporting Files */ = {
			isa = PBXGroup;
			children = (
				189D22D2153D4F190043634A /* soul-sifter-Info.plist */,
				189D22D3153D4F190043634A /* InfoPlist.strings */,
				189D22D6153D4F190043634A /* main.m */,
				189D22D8153D4F190043634A /* soul-sifter-Prefix.pch */,
				189D22D9153D4F190043634A /* Credits.rtf */,
			);
			name = "Supporting Files";
			sourceTree = "<group>";
		};
		189D22ED153D4F190043634A /* soul-sifterTests */ = {
			isa = PBXGroup;
			children = (
				189D22F3153D4F190043634A /* soul_sifterTests.h */,
				189D22F4153D4F1A0043634A /* soul_sifterTests.m */,
				189D22EE153D4F190043634A /* Supporting Files */,
			);
			path = "soul-sifterTests";
			sourceTree = "<group>";
		};
		189D22EE153D4F190043634A /* Supporting Files */ = {
			isa = PBXGroup;
			children = (
				189D22EF153D4F190043634A /* soul-sifterTests-Info.plist */,
				189D22F0153D4F190043634A /* InfoPlist.strings */,
			);
			name = "Supporting Files";
			sourceTree = "<group>";
		};
/* End PBXGroup section */

/* Begin PBXNativeTarget section */
		189D22C5153D4F190043634A /* soul-sifter */ = {
			isa = PBXNativeTarget;
			buildConfigurationList = 189D22F8153D4F1A0043634A /* Build configuration list for PBXNativeTarget "soul-sifter" */;
			buildPhases = (
				189D22C2153D4F190043634A /* Sources */,
				189D22C3153D4F190043634A /* Frameworks */,
				189D22C4153D4F190043634A /* Resources */,
			);
			buildRules = (
			);
			dependencies = (
			);
			name = "soul-sifter";
			productName = "soul-sifter";
			productReference = 189D22C6153D4F190043634A /* soul-sifter.app */;
			productType = "com.apple.product-type.application";
		};
		189D22E6153D4F190043634A /* soul-sifterTests */ = {
			isa = PBXNativeTarget;
			buildConfigurationList = 189D22FB153D4F1A0043634A /* Build configuration list for PBXNativeTarget "soul-sifterTests" */;
			buildPhases = (
				189D22E2153D4F190043634A /* Sources */,
				189D22E3153D4F190043634A /* Frameworks */,
				189D22E4153D4F190043634A /* Resources */,
				189D22E5153D4F190043634A /* ShellScript */,
			);
			buildRules = (
			);
			dependencies = (
				189D22EC153D4F190043634A /* PBXTargetDependency */,
			);
			name = "soul-sifterTests";
			productName = "soul-sifterTests";
			productReference = 189D22E7153D4F190043634A /* soul-sifterTests.octest */;
			productType = "com.apple.product-type.bundle";
		};
/* End PBXNativeTarget section */

/* Begin PBXProject section */
		189D22BD153D4F190043634A /* Project object */ = {
			isa = PBXProject;
			attributes = {
				LastUpgradeCheck = 0420;
			};
			buildConfigurationList = 189D22C0153D4F190043634A /* Build configuration list for PBXProject "soul-sifter" */;
			compatibilityVersion = "Xcode 3.2";
			developmentRegion = English;
			hasScannedForEncodings = 0;
			knownRegions = (
				en,
			);
			mainGroup = 189D22BB153D4F190043634A;
			productRefGroup = 189D22C7153D4F190043634A /* Products */;
			projectDirPath = "";
			projectRoot = "";
			targets = (
				189D22C5153D4F190043634A /* soul-sifter */,
				189D22E6153D4F190043634A /* soul-sifterTests */,
			);
		};
/* End PBXProject section */

/* Begin PBXResourcesBuildPhase section */
		189D22C4153D4F190043634A /* Resources */ = {
			isa = PBXResourcesBuildPhase;
			buildActionMask = 2147483647;
			files = (
				189D22D5153D4F190043634A /* InfoPlist.strings in Resources */,
				189D22DB153D4F190043634A /* Credits.rtf in Resources */,
				189D22E1153D4F190043634A /* MainMenu.xib in Resources */,
				189C84F9153E647400F05E62 /* TagInfo.xib in Resources */,
				18144C9D154DC5F0009C36EE /* Preferences.xib in Resources */,
				18028C391647747C00938259 /* DVDRipper.icns in Resources */,
			);
			runOnlyForDeploymentPostprocessing = 0;
		};
		189D22E4153D4F190043634A /* Resources */ = {
			isa = PBXResourcesBuildPhase;
			buildActionMask = 2147483647;
			files = (
				189D22F2153D4F190043634A /* InfoPlist.strings in Resources */,
			);
			runOnlyForDeploymentPostprocessing = 0;
		};
/* End PBXResourcesBuildPhase section */

/* Begin PBXShellScriptBuildPhase section */
		189D22E5153D4F190043634A /* ShellScript */ = {
			isa = PBXShellScriptBuildPhase;
			buildActionMask = 2147483647;
			files = (
			);
			inputPaths = (
			);
			outputPaths = (
			);
			runOnlyForDeploymentPostprocessing = 0;
			shellPath = /bin/sh;
			shellScript = "# Run the unit tests in this test bundle.\n\"${SYSTEM_DEVELOPER_DIR}/Tools/RunUnitTests\"\n";
		};
/* End PBXShellScriptBuildPhase section */

/* Begin PBXSourcesBuildPhase section */
		189D22C2153D4F190043634A /* Sources */ = {
			isa = PBXSourcesBuildPhase;
			buildActionMask = 2147483647;
			files = (
				189D22D7153D4F190043634A /* main.m in Sources */,
				189D22DE153D4F190043634A /* AppDelegate.m in Sources */,
				18169643154CADFB00593FEC /* AppController.m in Sources */,
				18169648154CB7D200593FEC /* DropBox.m in Sources */,
				1816964B154CD8E000593FEC /* TagInfoController.m in Sources */,
				18169651154D06EB00593FEC /* MusicManager.mm in Sources */,
				18169654154D08D900593FEC /* Song.m in Sources */,
				1816965F154D4A2700593FEC /* LowerCaseFormatter.m in Sources */,
				18144CA1154DC6AD009C36EE /* PreferencesController.m in Sources */,
				18144CA4154DCA31009C36EE /* Constants.m in Sources */,
				18FB7CAC15572F0000BEF750 /* PathButton.m in Sources */,
				187E640C15984AD300091546 /* RapidEvolutionManager.m in Sources */,
				182DC5F01605132A00AA9011 /* FileReader.m in Sources */,
				182DC5F11605132A00AA9011 /* NSDataExtensions.m in Sources */,
				18028C401647870A00938259 /* RapidEvolutionMusicDatabaseReader.mm in Sources */,
				18028C471647A55800938259 /* RapidEvolutionDatabaseHandler.cpp in Sources */,
				18028C4A1647B66F00938259 /* RapidEvolutionDatabaseSongsHandler.cpp in Sources */,
				18028C4D1647B71800938259 /* RapidEvolutionDatabaseSongsSongHandler.cpp in Sources */,
				18028C501647BA7300938259 /* RapidEvolutionDatabaseStylesHandler.cpp in Sources */,
				18028C531647BA9D00938259 /* RapidEvolutionDatabaseAbstractHandler.cpp in Sources */,
				188E1B111648E8CA004754F4 /* RapidEvolutionDatabaseConfigHandler.cpp in Sources */,
				188E1B141648E973004754F4 /* RapidEvolutionDatabaseExcludesHandler.cpp in Sources */,
				188E1B171648E9CD004754F4 /* RapidEvolutionDatabaseArtistsHandler.cpp in Sources */,
				188E1B1A1648EAA1004754F4 /* RapidEvolutionDatabaseMixoutsHandler.cpp in Sources */,
				188E1B1D1648EB1D004754F4 /* RapidEvolutionDatabaseAlbumcoversHandler.cpp in Sources */,
				188E1B201648ECBE004754F4 /* RapidEvolutionDatabaseStylesStyleHandler.cpp in Sources */,
				188E1B28164E198C004754F4 /* Style.cpp in Sources */,
				188E1B2C1650B250004754F4 /* MysqlAccess.cpp in Sources */,
				188AB0391660F78B00CE162C /* Track.cpp in Sources */,
				18C5F9DB166189A800912FD3 /* ArchiveUtil.m in Sources */,
				18C5F9E31661978400912FD3 /* NSString+MD5.mm in Sources */,
			);
			runOnlyForDeploymentPostprocessing = 0;
		};
		189D22E2153D4F190043634A /* Sources */ = {
			isa = PBXSourcesBuildPhase;
			buildActionMask = 2147483647;
			files = (
				189D22F5153D4F1A0043634A /* soul_sifterTests.m in Sources */,
			);
			runOnlyForDeploymentPostprocessing = 0;
		};
/* End PBXSourcesBuildPhase section */

/* Begin PBXTargetDependency section */
		189D22EC153D4F190043634A /* PBXTargetDependency */ = {
			isa = PBXTargetDependency;
			target = 189D22C5153D4F190043634A /* soul-sifter */;
			targetProxy = 189D22EB153D4F190043634A /* PBXContainerItemProxy */;
		};
/* End PBXTargetDependency section */

/* Begin PBXVariantGroup section */
		189D22D3153D4F190043634A /* InfoPlist.strings */ = {
			isa = PBXVariantGroup;
			children = (
				189D22D4153D4F190043634A /* en */,
			);
			name = InfoPlist.strings;
			sourceTree = "<group>";
		};
		189D22D9153D4F190043634A /* Credits.rtf */ = {
			isa = PBXVariantGroup;
			children = (
				189D22DA153D4F190043634A /* en */,
			);
			name = Credits.rtf;
			sourceTree = "<group>";
		};
		189D22DF153D4F190043634A /* MainMenu.xib */ = {
			isa = PBXVariantGroup;
			children = (
				189D22E0153D4F190043634A /* en */,
			);
			name = MainMenu.xib;
			sourceTree = "<group>";
		};
		189D22F0153D4F190043634A /* InfoPlist.strings */ = {
			isa = PBXVariantGroup;
			children = (
				189D22F1153D4F190043634A /* en */,
			);
			name = InfoPlist.strings;
			sourceTree = "<group>";
		};
/* End PBXVariantGroup section */

/* Begin XCBuildConfiguration section */
		189D22F6153D4F1A0043634A /* Debug */ = {
			isa = XCBuildConfiguration;
			buildSettings = {
				ALWAYS_SEARCH_USER_PATHS = NO;
				ARCHS = "$(ARCHS_STANDARD_64_BIT)";
				COPY_PHASE_STRIP = NO;
				GCC_C_LANGUAGE_STANDARD = gnu99;
				GCC_DYNAMIC_NO_PIC = NO;
				GCC_ENABLE_OBJC_EXCEPTIONS = YES;
				GCC_OPTIMIZATION_LEVEL = 0;
				GCC_PREPROCESSOR_DEFINITIONS = (
					"DEBUG=1",
					"$(inherited)",
				);
				GCC_SYMBOLS_PRIVATE_EXTERN = NO;
				GCC_VERSION = com.apple.compilers.llvm.clang.1_0;
				GCC_WARN_64_TO_32_BIT_CONVERSION = YES;
				GCC_WARN_ABOUT_MISSING_PROTOTYPES = YES;
				GCC_WARN_ABOUT_RETURN_TYPE = YES;
				GCC_WARN_UNUSED_VARIABLE = YES;
				MACOSX_DEPLOYMENT_TARGET = 10.7;
				ONLY_ACTIVE_ARCH = YES;
				SDKROOT = macosx;
			};
			name = Debug;
		};
		189D22F7153D4F1A0043634A /* Release */ = {
			isa = XCBuildConfiguration;
			buildSettings = {
				ALWAYS_SEARCH_USER_PATHS = NO;
				ARCHS = "$(ARCHS_STANDARD_64_BIT)";
				COPY_PHASE_STRIP = YES;
				DEBUG_INFORMATION_FORMAT = "dwarf-with-dsym";
				GCC_C_LANGUAGE_STANDARD = gnu99;
				GCC_ENABLE_OBJC_EXCEPTIONS = YES;
				GCC_VERSION = com.apple.compilers.llvm.clang.1_0;
				GCC_WARN_64_TO_32_BIT_CONVERSION = YES;
				GCC_WARN_ABOUT_MISSING_PROTOTYPES = YES;
				GCC_WARN_ABOUT_RETURN_TYPE = YES;
				GCC_WARN_UNUSED_VARIABLE = YES;
				MACOSX_DEPLOYMENT_TARGET = 10.7;
				SDKROOT = macosx;
			};
			name = Release;
		};
		189D22F9153D4F1A0043634A /* Debug */ = {
			isa = XCBuildConfiguration;
			buildSettings = {
				GCC_PRECOMPILE_PREFIX_HEADER = YES;
				GCC_PREFIX_HEADER = "soul-sifter/soul-sifter-Prefix.pch";
				"HEADER_SEARCH_PATHS[arch=*]" = /usr/local/include;
				INFOPLIST_FILE = "soul-sifter/soul-sifter-Info.plist";
				LIBRARY_SEARCH_PATHS = (
					"$(inherited)",
					"\"/usr/local/Cellar/mysql-connector-c++/1.1.0/lib\"",
					/usr/local/Cellar/mysql/5.5.27/lib,
				);
				"LIBRARY_SEARCH_PATHS[arch=*]" = /usr/local/lib;
				MACOSX_DEPLOYMENT_TARGET = 10.8;
				PRODUCT_NAME = "$(TARGET_NAME)";
				WRAPPER_EXTENSION = app;
			};
			name = Debug;
		};
		189D22FA153D4F1A0043634A /* Release */ = {
			isa = XCBuildConfiguration;
			buildSettings = {
				GCC_PRECOMPILE_PREFIX_HEADER = YES;
				GCC_PREFIX_HEADER = "soul-sifter/soul-sifter-Prefix.pch";
				"HEADER_SEARCH_PATHS[arch=*]" = /usr/local/include;
				INFOPLIST_FILE = "soul-sifter/soul-sifter-Info.plist";
				LIBRARY_SEARCH_PATHS = (
					"$(inherited)",
					"\"/usr/local/Cellar/mysql-connector-c++/1.1.0/lib\"",
					/usr/local/Cellar/mysql/5.5.27/lib,
				);
				"LIBRARY_SEARCH_PATHS[arch=*]" = /usr/local/lib;
				MACOSX_DEPLOYMENT_TARGET = 10.8;
				PRODUCT_NAME = "$(TARGET_NAME)";
				WRAPPER_EXTENSION = app;
			};
			name = Release;
		};
		189D22FC153D4F1A0043634A /* Debug */ = {
			isa = XCBuildConfiguration;
			buildSettings = {
				BUNDLE_LOADER = "$(BUILT_PRODUCTS_DIR)/soul-sifter.app/Contents/MacOS/soul-sifter";
				FRAMEWORK_SEARCH_PATHS = "$(DEVELOPER_LIBRARY_DIR)/Frameworks";
				GCC_PRECOMPILE_PREFIX_HEADER = YES;
				GCC_PREFIX_HEADER = "soul-sifter/soul-sifter-Prefix.pch";
				INFOPLIST_FILE = "soul-sifterTests/soul-sifterTests-Info.plist";
				PRODUCT_NAME = "$(TARGET_NAME)";
				TEST_HOST = "$(BUNDLE_LOADER)";
				WRAPPER_EXTENSION = octest;
			};
			name = Debug;
		};
		189D22FD153D4F1A0043634A /* Release */ = {
			isa = XCBuildConfiguration;
			buildSettings = {
				BUNDLE_LOADER = "$(BUILT_PRODUCTS_DIR)/soul-sifter.app/Contents/MacOS/soul-sifter";
				FRAMEWORK_SEARCH_PATHS = "$(DEVELOPER_LIBRARY_DIR)/Frameworks";
				GCC_PRECOMPILE_PREFIX_HEADER = YES;
				GCC_PREFIX_HEADER = "soul-sifter/soul-sifter-Prefix.pch";
				INFOPLIST_FILE = "soul-sifterTests/soul-sifterTests-Info.plist";
				PRODUCT_NAME = "$(TARGET_NAME)";
				TEST_HOST = "$(BUNDLE_LOADER)";
				WRAPPER_EXTENSION = octest;
			};
			name = Release;
		};
/* End XCBuildConfiguration section */

/* Begin XCConfigurationList section */
		189D22C0153D4F190043634A /* Build configuration list for PBXProject "soul-sifter" */ = {
			isa = XCConfigurationList;
			buildConfigurations = (
				189D22F6153D4F1A0043634A /* Debug */,
				189D22F7153D4F1A0043634A /* Release */,
			);
			defaultConfigurationIsVisible = 0;
			defaultConfigurationName = Release;
		};
		189D22F8153D4F1A0043634A /* Build configuration list for PBXNativeTarget "soul-sifter" */ = {
			isa = XCConfigurationList;
			buildConfigurations = (
				189D22F9153D4F1A0043634A /* Debug */,
				189D22FA153D4F1A0043634A /* Release */,
			);
			defaultConfigurationIsVisible = 0;
			defaultConfigurationName = Release;
		};
		189D22FB153D4F1A0043634A /* Build configuration list for PBXNativeTarget "soul-sifterTests" */ = {
			isa = XCConfigurationList;
			buildConfigurations = (
				189D22FC153D4F1A0043634A /* Debug */,
				189D22FD153D4F1A0043634A /* Release */,
			);
			defaultConfigurationIsVisible = 0;
			defaultConfigurationName = Release;
		};
/* End XCConfigurationList section */
	};
	rootObject = 189D22BD153D4F190043634A /* Project object */;
}
