// !$*UTF8*$!
{
	archiveVersion = 1;
	classes = {
	};
	objectVersion = 46;
	objects = {

/* Begin PBXBuildFile section */
		18144C9D154DC5F0009C36EE /* Preferences.xib in Resources */ = {isa = PBXBuildFile; fileRef = 18144C9C154DC5F0009C36EE /* Preferences.xib */; };
		18144CA1154DC6AD009C36EE /* PreferencesController.m in Sources */ = {isa = PBXBuildFile; fileRef = 18144CA0154DC6AD009C36EE /* PreferencesController.m */; };
		18144CA4154DCA31009C36EE /* Constants.m in Sources */ = {isa = PBXBuildFile; fileRef = 18144CA3154DCA31009C36EE /* Constants.m */; };
		18169643154CADFB00593FEC /* AppController.m in Sources */ = {isa = PBXBuildFile; fileRef = 18169642154CADFB00593FEC /* AppController.m */; };
		18169648154CB7D200593FEC /* DropBox.m in Sources */ = {isa = PBXBuildFile; fileRef = 18169647154CB7D200593FEC /* DropBox.m */; };
		1816964B154CD8E000593FEC /* TagInfoController.m in Sources */ = {isa = PBXBuildFile; fileRef = 1816964A154CD8E000593FEC /* TagInfoController.m */; };
		18169651154D06EB00593FEC /* MusicManager.mm in Sources */ = {isa = PBXBuildFile; fileRef = 18169650154D06EB00593FEC /* MusicManager.mm */; };
		18169654154D08D900593FEC /* Song.m in Sources */ = {isa = PBXBuildFile; fileRef = 18169653154D08D900593FEC /* Song.m */; };
		18169656154D34A400593FEC /* libid3.dylib in Frameworks */ = {isa = PBXBuildFile; fileRef = 18169655154D34A300593FEC /* libid3.dylib */; };
		1816965F154D4A2700593FEC /* LowerCaseFormatter.m in Sources */ = {isa = PBXBuildFile; fileRef = 1816965E154D4A2700593FEC /* LowerCaseFormatter.m */; };
		187E640C15984AD300091546 /* RapidEvolutionManager.m in Sources */ = {isa = PBXBuildFile; fileRef = 187E640B15984AD300091546 /* RapidEvolutionManager.m */; };
		189C84F9153E647400F05E62 /* TagInfo.xib in Resources */ = {isa = PBXBuildFile; fileRef = 189C84F8153E647400F05E62 /* TagInfo.xib */; };
		189D22CB153D4F190043634A /* Cocoa.framework in Frameworks */ = {isa = PBXBuildFile; fileRef = 189D22CA153D4F190043634A /* Cocoa.framework */; };
		189D22D5153D4F190043634A /* InfoPlist.strings in Resources */ = {isa = PBXBuildFile; fileRef = 189D22D3153D4F190043634A /* InfoPlist.strings */; };
		189D22D7153D4F190043634A /* main.m in Sources */ = {isa = PBXBuildFile; fileRef = 189D22D6153D4F190043634A /* main.m */; };
		189D22DB153D4F190043634A /* Credits.rtf in Resources */ = {isa = PBXBuildFile; fileRef = 189D22D9153D4F190043634A /* Credits.rtf */; };
		189D22DE153D4F190043634A /* AppDelegate.m in Sources */ = {isa = PBXBuildFile; fileRef = 189D22DD153D4F190043634A /* AppDelegate.m */; };
		189D22E1153D4F190043634A /* MainMenu.xib in Resources */ = {isa = PBXBuildFile; fileRef = 189D22DF153D4F190043634A /* MainMenu.xib */; };
		189D22E9153D4F190043634A /* SenTestingKit.framework in Frameworks */ = {isa = PBXBuildFile; fileRef = 189D22E8153D4F190043634A /* SenTestingKit.framework */; };
		189D22EA153D4F190043634A /* Cocoa.framework in Frameworks */ = {isa = PBXBuildFile; fileRef = 189D22CA153D4F190043634A /* Cocoa.framework */; };
		189D22F2153D4F190043634A /* InfoPlist.strings in Resources */ = {isa = PBXBuildFile; fileRef = 189D22F0153D4F190043634A /* InfoPlist.strings */; };
		189D22F5153D4F1A0043634A /* soul_sifterTests.m in Sources */ = {isa = PBXBuildFile; fileRef = 189D22F4153D4F1A0043634A /* soul_sifterTests.m */; };
		18FB7CAC15572F0000BEF750 /* PathButton.m in Sources */ = {isa = PBXBuildFile; fileRef = 18FB7CAB15572F0000BEF750 /* PathButton.m */; };
/* End PBXBuildFile section */

/* Begin PBXContainerItemProxy section */
		189D22EB153D4F190043634A /* PBXContainerItemProxy */ = {
			isa = PBXContainerItemProxy;
			containerPortal = 189D22BD153D4F190043634A /* Project object */;
			proxyType = 1;
			remoteGlobalIDString = 189D22C5153D4F190043634A;
			remoteInfo = "soul-sifter";
		};
/* End PBXContainerItemProxy section */

/* Begin PBXFileReference section */
		18144C9C154DC5F0009C36EE /* Preferences.xib */ = {isa = PBXFileReference; fileEncoding = 4; lastKnownFileType = file.xib; path = Preferences.xib; sourceTree = "<group>"; };
		18144C9F154DC6AD009C36EE /* PreferencesController.h */ = {isa = PBXFileReference; fileEncoding = 4; lastKnownFileType = sourcecode.c.h; path = PreferencesController.h; sourceTree = "<group>"; };
		18144CA0154DC6AD009C36EE /* PreferencesController.m */ = {isa = PBXFileReference; fileEncoding = 4; lastKnownFileType = sourcecode.c.objc; path = PreferencesController.m; sourceTree = "<group>"; };
		18144CA2154DCA31009C36EE /* Constants.h */ = {isa = PBXFileReference; fileEncoding = 4; lastKnownFileType = sourcecode.c.h; path = Constants.h; sourceTree = "<group>"; };
		18144CA3154DCA31009C36EE /* Constants.m */ = {isa = PBXFileReference; fileEncoding = 4; lastKnownFileType = sourcecode.c.objc; path = Constants.m; sourceTree = "<group>"; };
		18169641154CADFB00593FEC /* AppController.h */ = {isa = PBXFileReference; fileEncoding = 4; lastKnownFileType = sourcecode.c.h; path = AppController.h; sourceTree = "<group>"; };
		18169642154CADFB00593FEC /* AppController.m */ = {isa = PBXFileReference; fileEncoding = 4; lastKnownFileType = sourcecode.c.objc; path = AppController.m; sourceTree = "<group>"; };
		18169646154CB7D200593FEC /* DropBox.h */ = {isa = PBXFileReference; fileEncoding = 4; lastKnownFileType = sourcecode.c.h; path = DropBox.h; sourceTree = "<group>"; };
		18169647154CB7D200593FEC /* DropBox.m */ = {isa = PBXFileReference; fileEncoding = 4; lastKnownFileType = sourcecode.c.objc; path = DropBox.m; sourceTree = "<group>"; };
		18169649154CD8E000593FEC /* TagInfoController.h */ = {isa = PBXFileReference; fileEncoding = 4; lastKnownFileType = sourcecode.c.h; path = TagInfoController.h; sourceTree = "<group>"; };
		1816964A154CD8E000593FEC /* TagInfoController.m */ = {isa = PBXFileReference; fileEncoding = 4; lastKnownFileType = sourcecode.c.objc; path = TagInfoController.m; sourceTree = "<group>"; };
		1816964F154D06EB00593FEC /* MusicManager.h */ = {isa = PBXFileReference; fileEncoding = 4; lastKnownFileType = sourcecode.c.h; path = MusicManager.h; sourceTree = "<group>"; };
		18169650154D06EB00593FEC /* MusicManager.mm */ = {isa = PBXFileReference; fileEncoding = 4; lastKnownFileType = sourcecode.cpp.objcpp; path = MusicManager.mm; sourceTree = "<group>"; };
		18169652154D08D900593FEC /* Song.h */ = {isa = PBXFileReference; fileEncoding = 4; lastKnownFileType = sourcecode.c.h; path = Song.h; sourceTree = "<group>"; };
		18169653154D08D900593FEC /* Song.m */ = {isa = PBXFileReference; fileEncoding = 4; lastKnownFileType = sourcecode.c.objc; path = Song.m; sourceTree = "<group>"; };
		18169655154D34A300593FEC /* libid3.dylib */ = {isa = PBXFileReference; lastKnownFileType = "compiled.mach-o.dylib"; name = libid3.dylib; path = usr/local/lib/libid3.dylib; sourceTree = SDKROOT; };
		1816965D154D4A2700593FEC /* LowerCaseFormatter.h */ = {isa = PBXFileReference; fileEncoding = 4; lastKnownFileType = sourcecode.c.h; path = LowerCaseFormatter.h; sourceTree = "<group>"; };
		1816965E154D4A2700593FEC /* LowerCaseFormatter.m */ = {isa = PBXFileReference; fileEncoding = 4; lastKnownFileType = sourcecode.c.objc; path = LowerCaseFormatter.m; sourceTree = "<group>"; };
		187E640A15984AD200091546 /* RapidEvolutionManager.h */ = {isa = PBXFileReference; fileEncoding = 4; lastKnownFileType = sourcecode.c.h; path = RapidEvolutionManager.h; sourceTree = "<group>"; };
		187E640B15984AD300091546 /* RapidEvolutionManager.m */ = {isa = PBXFileReference; fileEncoding = 4; lastKnownFileType = sourcecode.c.objc; path = RapidEvolutionManager.m; sourceTree = "<group>"; };
		189C84F8153E647400F05E62 /* TagInfo.xib */ = {isa = PBXFileReference; fileEncoding = 4; lastKnownFileType = file.xib; path = TagInfo.xib; sourceTree = "<group>"; };
		189D22C6153D4F190043634A /* soul-sifter.app */ = {isa = PBXFileReference; explicitFileType = wrapper.application; includeInIndex = 0; path = "soul-sifter.app"; sourceTree = BUILT_PRODUCTS_DIR; };
		189D22CA153D4F190043634A /* Cocoa.framework */ = {isa = PBXFileReference; lastKnownFileType = wrapper.framework; name = Cocoa.framework; path = System/Library/Frameworks/Cocoa.framework; sourceTree = SDKROOT; };
		189D22CD153D4F190043634A /* AppKit.framework */ = {isa = PBXFileReference; lastKnownFileType = wrapper.framework; name = AppKit.framework; path = System/Library/Frameworks/AppKit.framework; sourceTree = SDKROOT; };
		189D22CE153D4F190043634A /* CoreData.framework */ = {isa = PBXFileReference; lastKnownFileType = wrapper.framework; name = CoreData.framework; path = System/Library/Frameworks/CoreData.framework; sourceTree = SDKROOT; };
		189D22CF153D4F190043634A /* Foundation.framework */ = {isa = PBXFileReference; lastKnownFileType = wrapper.framework; name = Foundation.framework; path = System/Library/Frameworks/Foundation.framework; sourceTree = SDKROOT; };
		189D22D2153D4F190043634A /* soul-sifter-Info.plist */ = {isa = PBXFileReference; lastKnownFileType = text.plist.xml; path = "soul-sifter-Info.plist"; sourceTree = "<group>"; };
		189D22D4153D4F190043634A /* en */ = {isa = PBXFileReference; lastKnownFileType = text.plist.strings; name = en; path = en.lproj/InfoPlist.strings; sourceTree = "<group>"; };
		189D22D6153D4F190043634A /* main.m */ = {isa = PBXFileReference; lastKnownFileType = sourcecode.c.objc; path = main.m; sourceTree = "<group>"; };
		189D22D8153D4F190043634A /* soul-sifter-Prefix.pch */ = {isa = PBXFileReference; lastKnownFileType = sourcecode.c.h; path = "soul-sifter-Prefix.pch"; sourceTree = "<group>"; };
		189D22DA153D4F190043634A /* en */ = {isa = PBXFileReference; lastKnownFileType = text.rtf; name = en; path = en.lproj/Credits.rtf; sourceTree = "<group>"; };
		189D22DC153D4F190043634A /* AppDelegate.h */ = {isa = PBXFileReference; lastKnownFileType = sourcecode.c.h; path = AppDelegate.h; sourceTree = "<group>"; };
		189D22DD153D4F190043634A /* AppDelegate.m */ = {isa = PBXFileReference; lastKnownFileType = sourcecode.c.objc; path = AppDelegate.m; sourceTree = "<group>"; };
		189D22E0153D4F190043634A /* en */ = {isa = PBXFileReference; lastKnownFileType = file.xib; name = en; path = en.lproj/MainMenu.xib; sourceTree = "<group>"; };
		189D22E7153D4F190043634A /* soul-sifterTests.octest */ = {isa = PBXFileReference; explicitFileType = wrapper.cfbundle; includeInIndex = 0; path = "soul-sifterTests.octest"; sourceTree = BUILT_PRODUCTS_DIR; };
		189D22E8153D4F190043634A /* SenTestingKit.framework */ = {isa = PBXFileReference; lastKnownFileType = wrapper.framework; name = SenTestingKit.framework; path = Library/Frameworks/SenTestingKit.framework; sourceTree = DEVELOPER_DIR; };
		189D22EF153D4F190043634A /* soul-sifterTests-Info.plist */ = {isa = PBXFileReference; lastKnownFileType = text.plist.xml; path = "soul-sifterTests-Info.plist"; sourceTree = "<group>"; };
		189D22F1153D4F190043634A /* en */ = {isa = PBXFileReference; lastKnownFileType = text.plist.strings; name = en; path = en.lproj/InfoPlist.strings; sourceTree = "<group>"; };
		189D22F3153D4F190043634A /* soul_sifterTests.h */ = {isa = PBXFileReference; lastKnownFileType = sourcecode.c.h; path = soul_sifterTests.h; sourceTree = "<group>"; };
		189D22F4153D4F1A0043634A /* soul_sifterTests.m */ = {isa = PBXFileReference; lastKnownFileType = sourcecode.c.objc; path = soul_sifterTests.m; sourceTree = "<group>"; };
		18FB7CAA15572F0000BEF750 /* PathButton.h */ = {isa = PBXFileReference; fileEncoding = 4; lastKnownFileType = sourcecode.c.h; path = PathButton.h; sourceTree = "<group>"; };
		18FB7CAB15572F0000BEF750 /* PathButton.m */ = {isa = PBXFileReference; fileEncoding = 4; lastKnownFileType = sourcecode.c.objc; path = PathButton.m; sourceTree = "<group>"; };
/* End PBXFileReference section */

/* Begin PBXFrameworksBuildPhase section */
		189D22C3153D4F190043634A /* Frameworks */ = {
			isa = PBXFrameworksBuildPhase;
			buildActionMask = 2147483647;
			files = (
				18169656154D34A400593FEC /* libid3.dylib in Frameworks */,
				189D22CB153D4F190043634A /* Cocoa.framework in Frameworks */,
			);
			runOnlyForDeploymentPostprocessing = 0;
		};
		189D22E3153D4F190043634A /* Frameworks */ = {
			isa = PBXFrameworksBuildPhase;
			buildActionMask = 2147483647;
			files = (
				189D22E9153D4F190043634A /* SenTestingKit.framework in Frameworks */,
				189D22EA153D4F190043634A /* Cocoa.framework in Frameworks */,
			);
			runOnlyForDeploymentPostprocessing = 0;
		};
/* End PBXFrameworksBuildPhase section */

/* Begin PBXGroup section */
		18144CA8154E5BE1009C36EE /* Category */ = {
			isa = PBXGroup;
			children = (
			);
			name = Category;
			sourceTree = "<group>";
		};
		18169645154CB79900593FEC /* View */ = {
			isa = PBXGroup;
			children = (
				18169646154CB7D200593FEC /* DropBox.h */,
				18169647154CB7D200593FEC /* DropBox.m */,
				1816965D154D4A2700593FEC /* LowerCaseFormatter.h */,
				1816965E154D4A2700593FEC /* LowerCaseFormatter.m */,
				18FB7CAA15572F0000BEF750 /* PathButton.h */,
				18FB7CAB15572F0000BEF750 /* PathButton.m */,
			);
			name = View;
			sourceTree = "<group>";
		};
		1816964E154D05F400593FEC /* Organization */ = {
			isa = PBXGroup;
			children = (
				1816964F154D06EB00593FEC /* MusicManager.h */,
				18169650154D06EB00593FEC /* MusicManager.mm */,
				187E640A15984AD200091546 /* RapidEvolutionManager.h */,
				187E640B15984AD300091546 /* RapidEvolutionManager.m */,
				18169652154D08D900593FEC /* Song.h */,
				18169653154D08D900593FEC /* Song.m */,
			);
			name = Organization;
			sourceTree = "<group>";
		};
		189D22BB153D4F190043634A = {
			isa = PBXGroup;
			children = (
				18169655154D34A300593FEC /* libid3.dylib */,
				189D22D0153D4F190043634A /* soul-sifter */,
				189D22ED153D4F190043634A /* soul-sifterTests */,
				189D22C9153D4F190043634A /* Frameworks */,
				189D22C7153D4F190043634A /* Products */,
			);
			sourceTree = "<group>";
		};
		189D22C7153D4F190043634A /* Products */ = {
			isa = PBXGroup;
			children = (
				189D22C6153D4F190043634A /* soul-sifter.app */,
				189D22E7153D4F190043634A /* soul-sifterTests.octest */,
			);
			name = Products;
			sourceTree = "<group>";
		};
		189D22C9153D4F190043634A /* Frameworks */ = {
			isa = PBXGroup;
			children = (
				189D22CA153D4F190043634A /* Cocoa.framework */,
				189D22E8153D4F190043634A /* SenTestingKit.framework */,
				189D22CC153D4F190043634A /* Other Frameworks */,
			);
			name = Frameworks;
			sourceTree = "<group>";
		};
		189D22CC153D4F190043634A /* Other Frameworks */ = {
			isa = PBXGroup;
			children = (
				189D22CD153D4F190043634A /* AppKit.framework */,
				189D22CE153D4F190043634A /* CoreData.framework */,
				189D22CF153D4F190043634A /* Foundation.framework */,
			);
			name = "Other Frameworks";
			sourceTree = "<group>";
		};
		189D22D0153D4F190043634A /* soul-sifter */ = {
			isa = PBXGroup;
			children = (
				18144CA8154E5BE1009C36EE /* Category */,
				1816964E154D05F400593FEC /* Organization */,
				18169645154CB79900593FEC /* View */,
				18169641154CADFB00593FEC /* AppController.h */,
				18169642154CADFB00593FEC /* AppController.m */,
				189D22DC153D4F190043634A /* AppDelegate.h */,
				189D22DD153D4F190043634A /* AppDelegate.m */,
				18144CA2154DCA31009C36EE /* Constants.h */,
				18144CA3154DCA31009C36EE /* Constants.m */,
				189D22DF153D4F190043634A /* MainMenu.xib */,
				189C84F8153E647400F05E62 /* TagInfo.xib */,
				18169649154CD8E000593FEC /* TagInfoController.h */,
				1816964A154CD8E000593FEC /* TagInfoController.m */,
				18144C9C154DC5F0009C36EE /* Preferences.xib */,
				18144C9F154DC6AD009C36EE /* PreferencesController.h */,
				18144CA0154DC6AD009C36EE /* PreferencesController.m */,
				189D22D1153D4F190043634A /* Supporting Files */,
			);
			path = "soul-sifter";
			sourceTree = "<group>";
		};
		189D22D1153D4F190043634A /* Supporting Files */ = {
			isa = PBXGroup;
			children = (
				189D22D2153D4F190043634A /* soul-sifter-Info.plist */,
				189D22D3153D4F190043634A /* InfoPlist.strings */,
				189D22D6153D4F190043634A /* main.m */,
				189D22D8153D4F190043634A /* soul-sifter-Prefix.pch */,
				189D22D9153D4F190043634A /* Credits.rtf */,
			);
			name = "Supporting Files";
			sourceTree = "<group>";
		};
		189D22ED153D4F190043634A /* soul-sifterTests */ = {
			isa = PBXGroup;
			children = (
				189D22F3153D4F190043634A /* soul_sifterTests.h */,
				189D22F4153D4F1A0043634A /* soul_sifterTests.m */,
				189D22EE153D4F190043634A /* Supporting Files */,
			);
			path = "soul-sifterTests";
			sourceTree = "<group>";
		};
		189D22EE153D4F190043634A /* Supporting Files */ = {
			isa = PBXGroup;
			children = (
				189D22EF153D4F190043634A /* soul-sifterTests-Info.plist */,
				189D22F0153D4F190043634A /* InfoPlist.strings */,
			);
			name = "Supporting Files";
			sourceTree = "<group>";
		};
/* End PBXGroup section */

/* Begin PBXNativeTarget section */
		189D22C5153D4F190043634A /* soul-sifter */ = {
			isa = PBXNativeTarget;
			buildConfigurationList = 189D22F8153D4F1A0043634A /* Build configuration list for PBXNativeTarget "soul-sifter" */;
			buildPhases = (
				189D22C2153D4F190043634A /* Sources */,
				189D22C3153D4F190043634A /* Frameworks */,
				189D22C4153D4F190043634A /* Resources */,
			);
			buildRules = (
			);
			dependencies = (
			);
			name = "soul-sifter";
			productName = "soul-sifter";
			productReference = 189D22C6153D4F190043634A /* soul-sifter.app */;
			productType = "com.apple.product-type.application";
		};
		189D22E6153D4F190043634A /* soul-sifterTests */ = {
			isa = PBXNativeTarget;
			buildConfigurationList = 189D22FB153D4F1A0043634A /* Build configuration list for PBXNativeTarget "soul-sifterTests" */;
			buildPhases = (
				189D22E2153D4F190043634A /* Sources */,
				189D22E3153D4F190043634A /* Frameworks */,
				189D22E4153D4F190043634A /* Resources */,
				189D22E5153D4F190043634A /* ShellScript */,
			);
			buildRules = (
			);
			dependencies = (
				189D22EC153D4F190043634A /* PBXTargetDependency */,
			);
			name = "soul-sifterTests";
			productName = "soul-sifterTests";
			productReference = 189D22E7153D4F190043634A /* soul-sifterTests.octest */;
			productType = "com.apple.product-type.bundle";
		};
/* End PBXNativeTarget section */

/* Begin PBXProject section */
		189D22BD153D4F190043634A /* Project object */ = {
			isa = PBXProject;
			attributes = {
				LastUpgradeCheck = 0420;
			};
			buildConfigurationList = 189D22C0153D4F190043634A /* Build configuration list for PBXProject "soul-sifter" */;
			compatibilityVersion = "Xcode 3.2";
			developmentRegion = English;
			hasScannedForEncodings = 0;
			knownRegions = (
				en,
			);
			mainGroup = 189D22BB153D4F190043634A;
			productRefGroup = 189D22C7153D4F190043634A /* Products */;
			projectDirPath = "";
			projectRoot = "";
			targets = (
				189D22C5153D4F190043634A /* soul-sifter */,
				189D22E6153D4F190043634A /* soul-sifterTests */,
			);
		};
/* End PBXProject section */

/* Begin PBXResourcesBuildPhase section */
		189D22C4153D4F190043634A /* Resources */ = {
			isa = PBXResourcesBuildPhase;
			buildActionMask = 2147483647;
			files = (
				189D22D5153D4F190043634A /* InfoPlist.strings in Resources */,
				189D22DB153D4F190043634A /* Credits.rtf in Resources */,
				189D22E1153D4F190043634A /* MainMenu.xib in Resources */,
				189C84F9153E647400F05E62 /* TagInfo.xib in Resources */,
				18144C9D154DC5F0009C36EE /* Preferences.xib in Resources */,
			);
			runOnlyForDeploymentPostprocessing = 0;
		};
		189D22E4153D4F190043634A /* Resources */ = {
			isa = PBXResourcesBuildPhase;
			buildActionMask = 2147483647;
			files = (
				189D22F2153D4F190043634A /* InfoPlist.strings in Resources */,
			);
			runOnlyForDeploymentPostprocessing = 0;
		};
/* End PBXResourcesBuildPhase section */

/* Begin PBXShellScriptBuildPhase section */
		189D22E5153D4F190043634A /* ShellScript */ = {
			isa = PBXShellScriptBuildPhase;
			buildActionMask = 2147483647;
			files = (
			);
			inputPaths = (
			);
			outputPaths = (
			);
			runOnlyForDeploymentPostprocessing = 0;
			shellPath = /bin/sh;
			shellScript = "# Run the unit tests in this test bundle.\n\"${SYSTEM_DEVELOPER_DIR}/Tools/RunUnitTests\"\n";
		};
/* End PBXShellScriptBuildPhase section */

/* Begin PBXSourcesBuildPhase section */
		189D22C2153D4F190043634A /* Sources */ = {
			isa = PBXSourcesBuildPhase;
			buildActionMask = 2147483647;
			files = (
				189D22D7153D4F190043634A /* main.m in Sources */,
				189D22DE153D4F190043634A /* AppDelegate.m in Sources */,
				18169643154CADFB00593FEC /* AppController.m in Sources */,
				18169648154CB7D200593FEC /* DropBox.m in Sources */,
				1816964B154CD8E000593FEC /* TagInfoController.m in Sources */,
				18169651154D06EB00593FEC /* MusicManager.mm in Sources */,
				18169654154D08D900593FEC /* Song.m in Sources */,
				1816965F154D4A2700593FEC /* LowerCaseFormatter.m in Sources */,
				18144CA1154DC6AD009C36EE /* PreferencesController.m in Sources */,
				18144CA4154DCA31009C36EE /* Constants.m in Sources */,
				18FB7CAC15572F0000BEF750 /* PathButton.m in Sources */,
				187E640C15984AD300091546 /* RapidEvolutionManager.m in Sources */,
			);
			runOnlyForDeploymentPostprocessing = 0;
		};
		189D22E2153D4F190043634A /* Sources */ = {
			isa = PBXSourcesBuildPhase;
			buildActionMask = 2147483647;
			files = (
				189D22F5153D4F1A0043634A /* soul_sifterTests.m in Sources */,
			);
			runOnlyForDeploymentPostprocessing = 0;
		};
/* End PBXSourcesBuildPhase section */

/* Begin PBXTargetDependency section */
		189D22EC153D4F190043634A /* PBXTargetDependency */ = {
			isa = PBXTargetDependency;
			target = 189D22C5153D4F190043634A /* soul-sifter */;
			targetProxy = 189D22EB153D4F190043634A /* PBXContainerItemProxy */;
		};
/* End PBXTargetDependency section */

/* Begin PBXVariantGroup section */
		189D22D3153D4F190043634A /* InfoPlist.strings */ = {
			isa = PBXVariantGroup;
			children = (
				189D22D4153D4F190043634A /* en */,
			);
			name = InfoPlist.strings;
			sourceTree = "<group>";
		};
		189D22D9153D4F190043634A /* Credits.rtf */ = {
			isa = PBXVariantGroup;
			children = (
				189D22DA153D4F190043634A /* en */,
			);
			name = Credits.rtf;
			sourceTree = "<group>";
		};
		189D22DF153D4F190043634A /* MainMenu.xib */ = {
			isa = PBXVariantGroup;
			children = (
				189D22E0153D4F190043634A /* en */,
			);
			name = MainMenu.xib;
			sourceTree = "<group>";
		};
		189D22F0153D4F190043634A /* InfoPlist.strings */ = {
			isa = PBXVariantGroup;
			children = (
				189D22F1153D4F190043634A /* en */,
			);
			name = InfoPlist.strings;
			sourceTree = "<group>";
		};
/* End PBXVariantGroup section */

/* Begin XCBuildConfiguration section */
		189D22F6153D4F1A0043634A /* Debug */ = {
			isa = XCBuildConfiguration;
			buildSettings = {
				ALWAYS_SEARCH_USER_PATHS = NO;
				ARCHS = "$(ARCHS_STANDARD_64_BIT)";
				COPY_PHASE_STRIP = NO;
				GCC_C_LANGUAGE_STANDARD = gnu99;
				GCC_DYNAMIC_NO_PIC = NO;
				GCC_ENABLE_OBJC_EXCEPTIONS = YES;
				GCC_OPTIMIZATION_LEVEL = 0;
				GCC_PREPROCESSOR_DEFINITIONS = (
					"DEBUG=1",
					"$(inherited)",
				);
				GCC_SYMBOLS_PRIVATE_EXTERN = NO;
				GCC_VERSION = com.apple.compilers.llvm.clang.1_0;
				GCC_WARN_64_TO_32_BIT_CONVERSION = YES;
				GCC_WARN_ABOUT_MISSING_PROTOTYPES = YES;
				GCC_WARN_ABOUT_RETURN_TYPE = YES;
				GCC_WARN_UNUSED_VARIABLE = YES;
				MACOSX_DEPLOYMENT_TARGET = 10.7;
				ONLY_ACTIVE_ARCH = YES;
				SDKROOT = macosx;
			};
			name = Debug;
		};
		189D22F7153D4F1A0043634A /* Release */ = {
			isa = XCBuildConfiguration;
			buildSettings = {
				ALWAYS_SEARCH_USER_PATHS = NO;
				ARCHS = "$(ARCHS_STANDARD_64_BIT)";
				COPY_PHASE_STRIP = YES;
				DEBUG_INFORMATION_FORMAT = "dwarf-with-dsym";
				GCC_C_LANGUAGE_STANDARD = gnu99;
				GCC_ENABLE_OBJC_EXCEPTIONS = YES;
				GCC_VERSION = com.apple.compilers.llvm.clang.1_0;
				GCC_WARN_64_TO_32_BIT_CONVERSION = YES;
				GCC_WARN_ABOUT_MISSING_PROTOTYPES = YES;
				GCC_WARN_ABOUT_RETURN_TYPE = YES;
				GCC_WARN_UNUSED_VARIABLE = YES;
				MACOSX_DEPLOYMENT_TARGET = 10.7;
				SDKROOT = macosx;
			};
			name = Release;
		};
		189D22F9153D4F1A0043634A /* Debug */ = {
			isa = XCBuildConfiguration;
			buildSettings = {
				GCC_PRECOMPILE_PREFIX_HEADER = YES;
				GCC_PREFIX_HEADER = "soul-sifter/soul-sifter-Prefix.pch";
				INFOPLIST_FILE = "soul-sifter/soul-sifter-Info.plist";
				PRODUCT_NAME = "$(TARGET_NAME)";
				WRAPPER_EXTENSION = app;
			};
			name = Debug;
		};
		189D22FA153D4F1A0043634A /* Release */ = {
			isa = XCBuildConfiguration;
			buildSettings = {
				GCC_PRECOMPILE_PREFIX_HEADER = YES;
				GCC_PREFIX_HEADER = "soul-sifter/soul-sifter-Prefix.pch";
				INFOPLIST_FILE = "soul-sifter/soul-sifter-Info.plist";
				PRODUCT_NAME = "$(TARGET_NAME)";
				WRAPPER_EXTENSION = app;
			};
			name = Release;
		};
		189D22FC153D4F1A0043634A /* Debug */ = {
			isa = XCBuildConfiguration;
			buildSettings = {
				BUNDLE_LOADER = "$(BUILT_PRODUCTS_DIR)/soul-sifter.app/Contents/MacOS/soul-sifter";
				FRAMEWORK_SEARCH_PATHS = "$(DEVELOPER_LIBRARY_DIR)/Frameworks";
				GCC_PRECOMPILE_PREFIX_HEADER = YES;
				GCC_PREFIX_HEADER = "soul-sifter/soul-sifter-Prefix.pch";
				INFOPLIST_FILE = "soul-sifterTests/soul-sifterTests-Info.plist";
				PRODUCT_NAME = "$(TARGET_NAME)";
				TEST_HOST = "$(BUNDLE_LOADER)";
				WRAPPER_EXTENSION = octest;
			};
			name = Debug;
		};
		189D22FD153D4F1A0043634A /* Release */ = {
			isa = XCBuildConfiguration;
			buildSettings = {
				BUNDLE_LOADER = "$(BUILT_PRODUCTS_DIR)/soul-sifter.app/Contents/MacOS/soul-sifter";
				FRAMEWORK_SEARCH_PATHS = "$(DEVELOPER_LIBRARY_DIR)/Frameworks";
				GCC_PRECOMPILE_PREFIX_HEADER = YES;
				GCC_PREFIX_HEADER = "soul-sifter/soul-sifter-Prefix.pch";
				INFOPLIST_FILE = "soul-sifterTests/soul-sifterTests-Info.plist";
				PRODUCT_NAME = "$(TARGET_NAME)";
				TEST_HOST = "$(BUNDLE_LOADER)";
				WRAPPER_EXTENSION = octest;
			};
			name = Release;
		};
/* End XCBuildConfiguration section */

/* Begin XCConfigurationList section */
		189D22C0153D4F190043634A /* Build configuration list for PBXProject "soul-sifter" */ = {
			isa = XCConfigurationList;
			buildConfigurations = (
				189D22F6153D4F1A0043634A /* Debug */,
				189D22F7153D4F1A0043634A /* Release */,
			);
			defaultConfigurationIsVisible = 0;
			defaultConfigurationName = Release;
		};
		189D22F8153D4F1A0043634A /* Build configuration list for PBXNativeTarget "soul-sifter" */ = {
			isa = XCConfigurationList;
			buildConfigurations = (
				189D22F9153D4F1A0043634A /* Debug */,
				189D22FA153D4F1A0043634A /* Release */,
			);
			defaultConfigurationIsVisible = 0;
			defaultConfigurationName = Release;
		};
		189D22FB153D4F1A0043634A /* Build configuration list for PBXNativeTarget "soul-sifterTests" */ = {
			isa = XCConfigurationList;
			buildConfigurations = (
				189D22FC153D4F1A0043634A /* Debug */,
				189D22FD153D4F1A0043634A /* Release */,
			);
			defaultConfigurationIsVisible = 0;
			defaultConfigurationName = Release;
		};
/* End XCConfigurationList section */
	};
	rootObject = 189D22BD153D4F190043634A /* Project object */;
}
